
Microsoft Visual Studio Solution File, Format Version 12.00
# Visual Studio 14
VisualStudioVersion = 14.0.24720.0
MinimumVisualStudioVersion = 10.0.40219.1
Project("{FAE04EC0-301F-11D3-BF4B-00C04F79EFBC}") = "PresentationLayer", "PresentationLayer\PresentationLayer.csproj", "{01924D80-3912-471B-8DE5-DD13598632D3}"
EndProject
Project("{FAE04EC0-301F-11D3-BF4B-00C04F79EFBC}") = "EntitiesLayer", "EntitiesLayer\EntitiesLayer.csproj", "{97742C4C-03E4-4112-9449-9DC9422994F6}"
EndProject
Project("{FAE04EC0-301F-11D3-BF4B-00C04F79EFBC}") = "BusinessLayer", "BusinessLayer\BusinessLayer.csproj", "{A7220E96-1A37-47B1-85FA-EC241ACA1EAF}"
EndProject
Project("{FAE04EC0-301F-11D3-BF4B-00C04F79EFBC}") = "DataLayer", "DataLayer\DataLayer.csproj", "{1C5FB789-DC2E-4D38-AC24-4453BBD468D6}"
EndProject
Global
	GlobalSection(SolutionConfigurationPlatforms) = preSolution
		Debug|Any CPU = Debug|Any CPU
		Release|Any CPU = Release|Any CPU
	EndGlobalSection
	GlobalSection(ProjectConfigurationPlatforms) = postSolution
		{01924D80-3912-471B-8DE5-DD13598632D3}.Debug|Any CPU.ActiveCfg = Debug|Any CPU
		{01924D80-3912-471B-8DE5-DD13598632D3}.Debug|Any CPU.Build.0 = Debug|Any CPU
		{01924D80-3912-471B-8DE5-DD13598632D3}.Release|Any CPU.ActiveCfg = Release|Any CPU
		{01924D80-3912-471B-8DE5-DD13598632D3}.Release|Any CPU.Build.0 = Release|Any CPU
		{97742C4C-03E4-4112-9449-9DC9422994F6}.Debug|Any CPU.ActiveCfg = Debug|Any CPU
		{97742C4C-03E4-4112-9449-9DC9422994F6}.Debug|Any CPU.Build.0 = Debug|Any CPU
		{97742C4C-03E4-4112-9449-9DC9422994F6}.Release|Any CPU.ActiveCfg = Release|Any CPU
		{97742C4C-03E4-4112-9449-9DC9422994F6}.Release|Any CPU.Build.0 = Release|Any CPU
		{A7220E96-1A37-47B1-85FA-EC241ACA1EAF}.Debug|Any CPU.ActiveCfg = Debug|Any CPU
		{A7220E96-1A37-47B1-85FA-EC241ACA1EAF}.Debug|Any CPU.Build.0 = Debug|Any CPU
		{A7220E96-1A37-47B1-85FA-EC241ACA1EAF}.Release|Any CPU.ActiveCfg = Release|Any CPU
		{A7220E96-1A37-47B1-85FA-EC241ACA1EAF}.Release|Any CPU.Build.0 = Release|Any CPU
		{1C5FB789-DC2E-4D38-AC24-4453BBD468D6}.Debug|Any CPU.ActiveCfg = Debug|Any CPU
		{1C5FB789-DC2E-4D38-AC24-4453BBD468D6}.Debug|Any CPU.Build.0 = Debug|Any CPU
		{1C5FB789-DC2E-4D38-AC24-4453BBD468D6}.Release|Any CPU.ActiveCfg = Release|Any CPU
		{1C5FB789-DC2E-4D38-AC24-4453BBD468D6}.Release|Any CPU.Build.0 = Release|Any CPU
	EndGlobalSection
	GlobalSection(SolutionProperties) = preSolution
		HideSolutionNode = FALSE
	EndGlobalSection
EndGlobal
